
Microsoft Visual Studio Solution File, Format Version 12.00
# Visual Studio Version 17
VisualStudioVersion = 17.9.34607.119
MinimumVisualStudioVersion = 10.0.40219.1
Project("{FAE04EC0-301F-11D3-BF4B-00C04F79EFBC}") = "Assignment_2 problems", "Assignment_2 problems.csproj", "{C3A19E36-B974-47AA-A39D-8580C78382CB}"
EndProject
Global
	GlobalSection(SolutionConfigurationPlatforms) = preSolution
		Debug|Any CPU = Debug|Any CPU
		Release|Any CPU = Release|Any CPU
	EndGlobalSection
	GlobalSection(ProjectConfigurationPlatforms) = postSolution
		{C3A19E36-B974-47AA-A39D-8580C78382CB}.Debug|Any CPU.ActiveCfg = Debug|Any CPU
		{C3A19E36-B974-47AA-A39D-8580C78382CB}.Debug|Any CPU.Build.0 = Debug|Any CPU
		{C3A19E36-B974-47AA-A39D-8580C78382CB}.Release|Any CPU.ActiveCfg = Release|Any CPU
		{C3A19E36-B974-47AA-A39D-8580C78382CB}.Release|Any CPU.Build.0 = Release|Any CPU
	EndGlobalSection
	GlobalSection(SolutionProperties) = preSolution
		HideSolutionNode = FALSE
	EndGlobalSection
	GlobalSection(ExtensibilityGlobals) = postSolution
		SolutionGuid = {57C8EBD8-A8FE-4265-8307-ED08C29B9E89}
	EndGlobalSection
EndGlobal
